
Microsoft Visual Studio Solution File, Format Version 12.00
# Visual Studio Version 17
VisualStudioVersion = 17.7.34221.43
MinimumVisualStudioVersion = 10.0.40219.1
Project("{FAE04EC0-301F-11D3-BF4B-00C04F79EFBC}") = "miangin", "miangin\miangin.csproj", "{F9DA39EA-61F2-425C-9A2B-E7DCFDE56093}"
EndProject
Global
	GlobalSection(SolutionConfigurationPlatforms) = preSolution
		Debug|Any CPU = Debug|Any CPU
		Release|Any CPU = Release|Any CPU
	EndGlobalSection
	GlobalSection(ProjectConfigurationPlatforms) = postSolution
		{F9DA39EA-61F2-425C-9A2B-E7DCFDE56093}.Debug|Any CPU.ActiveCfg = Debug|Any CPU
		{F9DA39EA-61F2-425C-9A2B-E7DCFDE56093}.Debug|Any CPU.Build.0 = Debug|Any CPU
		{F9DA39EA-61F2-425C-9A2B-E7DCFDE56093}.Release|Any CPU.ActiveCfg = Release|Any CPU
		{F9DA39EA-61F2-425C-9A2B-E7DCFDE56093}.Release|Any CPU.Build.0 = Release|Any CPU
	EndGlobalSection
	GlobalSection(SolutionProperties) = preSolution
		HideSolutionNode = FALSE
	EndGlobalSection
	GlobalSection(ExtensibilityGlobals) = postSolution
		SolutionGuid = {589F9ADA-1D02-4723-B032-03DC2D78088C}
	EndGlobalSection
EndGlobal
